{
	"name": "obsidian-reels",
	"version": "1.0.0",
	"lockfileVersion": 1,
	"requires": true,
	"dependencies": {
		"@eslint-community/eslint-utils": {
			"version": "4.4.1",
			"resolved": "https://registry.npmjs.org/@eslint-community/eslint-utils/-/eslint-utils-4.4.1.tgz",
			"integrity": "sha512-s3O3waFUrMV8P/XaF/+ZTp1X9XBZW1a4B97ZnjQF2KYWaFD2A8KyFBsrsfSjEmjn3RGWAIuvlneuZm3CUK3jbA==",
			"dev": true,
			"requires": {
				"eslint-visitor-keys": "^3.4.3"
			}
		},
		"@eslint-community/regexpp": {
			"version": "4.12.1",
			"resolved": "https://registry.npmjs.org/@eslint-community/regexpp/-/regexpp-4.12.1.tgz",
			"integrity": "sha512-CCZCDJuduB9OUkFkY2IgppNZMi2lBQgD2qzwXkEia16cge2pijY/aXi96CJMquDMn3nJdlPV1A5KrJEXwfLNzQ==",
			"dev": true
		},
		"@nodelib/fs.scandir": {
			"version": "2.1.5",
			"resolved": "https://registry.npmjs.org/@nodelib/fs.scandir/-/fs.scandir-2.1.5.tgz",
			"integrity": "sha512-vq24Bq3ym5HEQm2NKCr3yXDwjc7vTsEThRDnkp2DK9p1uqLR+DHurm/NOTo0KG7HYHU7eppKZj3MyqYuMBf62g==",
			"dev": true,
			"requires": {
				"@nodelib/fs.stat": "2.0.5",
				"run-parallel": "^1.1.9"
			}
		},
		"@nodelib/fs.stat": {
			"version": "2.0.5",
			"resolved": "https://registry.npmjs.org/@nodelib/fs.stat/-/fs.stat-2.0.5.tgz",
			"integrity": "sha512-RkhPPp2zrqDAQA/2jNhnztcPAlv64XdhIp7a7454A5ovI7Bukxgt7MX7udwAu3zg1DcpPU0rz3VV1SeaqvY4+A==",
			"dev": true
		},
		"@nodelib/fs.walk": {
			"version": "1.2.8",
			"resolved": "https://registry.npmjs.org/@nodelib/fs.walk/-/fs.walk-1.2.8.tgz",
			"integrity": "sha512-oGB+UxlgWcgQkgwo8GcEGwemoTFt3FIO9ababBmaGwXIoBKZ+GTy0pP185beGg7Llih/NSHSV2XAs1lnznocSg==",
			"dev": true,
			"requires": {
				"@nodelib/fs.scandir": "2.1.5",
				"fastq": "^1.6.0"
			}
		},
		"@types/codemirror": {
			"version": "5.60.8",
			"resolved": "https://registry.npmjs.org/@types/codemirror/-/codemirror-5.60.8.tgz",
			"integrity": "sha512-VjFgDF/eB+Aklcy15TtOTLQeMjTo07k7KAjql8OK5Dirr7a6sJY4T1uVBDuTVG9VEmn1uUsohOpYnVfgC6/jyw==",
			"dev": true,
			"requires": {
				"@types/tern": "*"
			}
		},
		"@types/estree": {
			"version": "1.0.6",
			"resolved": "https://registry.npmjs.org/@types/estree/-/estree-1.0.6.tgz",
			"integrity": "sha512-AYnb1nQyY49te+VRAVgmzfcgjYS91mY5P0TKUDCLEM+gNnA+3T6rWITXRLYCpahpqSQbN5cE+gHpnPyXjHWxcw==",
			"dev": true
		},
		"@types/json-schema": {
			"version": "7.0.15",
			"resolved": "https://registry.npmjs.org/@types/json-schema/-/json-schema-7.0.15.tgz",
			"integrity": "sha512-5+fP8P8MFNC+AyZCDxrB2pkZFPGzqQWUzpSeuuVLvm8VMcorNYavBqoFcxK8bQz4Qsbn4oUEEem4wDLfcysGHA==",
			"dev": true
		},
		"@types/node": {
			"version": "16.18.122",
			"resolved": "https://registry.npmjs.org/@types/node/-/node-16.18.122.tgz",
			"integrity": "sha512-rF6rUBS80n4oK16EW8nE75U+9fw0SSUgoPtWSvHhPXdT7itbvmS7UjB/jyM8i3AkvI6yeSM5qCwo+xN0npGDHg==",
			"dev": true
		},
		"@types/semver": {
			"version": "7.5.8",
			"resolved": "https://registry.npmjs.org/@types/semver/-/semver-7.5.8.tgz",
			"integrity": "sha512-I8EUhyrgfLrcTkzV3TSsGyl1tSuPrEDzr0yd5m90UgNxQkyDXULk3b6MlQqTCpZpNtWe1K0hzclnZkTcLBe2UQ==",
			"dev": true
		},
		"@types/tern": {
			"version": "0.23.9",
			"resolved": "https://registry.npmjs.org/@types/tern/-/tern-0.23.9.tgz",
			"integrity": "sha512-ypzHFE/wBzh+BlH6rrBgS5I/Z7RD21pGhZ2rltb/+ZrVM1awdZwjx7hE5XfuYgHWk9uvV5HLZN3SloevCAp3Bw==",
			"dev": true,
			"requires": {
				"@types/estree": "*"
			}
		},
		"@typescript-eslint/eslint-plugin": {
			"version": "5.62.0",
			"resolved": "https://registry.npmjs.org/@typescript-eslint/eslint-plugin/-/eslint-plugin-5.62.0.tgz",
			"integrity": "sha512-TiZzBSJja/LbhNPvk6yc0JrX9XqhQ0hdh6M2svYfsHGejaKFIAGd9MQ+ERIMzLGlN/kZoYIgdxFV0PuljTKXag==",
			"dev": true,
			"requires": {
				"@eslint-community/regexpp": "^4.4.0",
				"@typescript-eslint/scope-manager": "5.62.0",
				"@typescript-eslint/type-utils": "5.62.0",
				"@typescript-eslint/utils": "5.62.0",
				"debug": "^4.3.4",
				"graphemer": "^1.4.0",
				"ignore": "^5.2.0",
				"natural-compare-lite": "^1.4.0",
				"semver": "^7.3.7",
				"tsutils": "^3.21.0"
			}
		},
		"@typescript-eslint/parser": {
			"version": "5.62.0",
			"resolved": "https://registry.npmjs.org/@typescript-eslint/parser/-/parser-5.62.0.tgz",
			"integrity": "sha512-VlJEV0fOQ7BExOsHYAGrgbEiZoi8D+Bl2+f6V2RrXerRSylnp+ZBHmPvaIa8cz0Ajx7WO7Z5RqfgYg7ED1nRhA==",
			"dev": true,
			"requires": {
				"@typescript-eslint/scope-manager": "5.62.0",
				"@typescript-eslint/types": "5.62.0",
				"@typescript-eslint/typescript-estree": "5.62.0",
				"debug": "^4.3.4"
			}
		},
		"@typescript-eslint/scope-manager": {
			"version": "5.62.0",
			"resolved": "https://registry.npmjs.org/@typescript-eslint/scope-manager/-/scope-manager-5.62.0.tgz",
			"integrity": "sha512-VXuvVvZeQCQb5Zgf4HAxc04q5j+WrNAtNh9OwCsCgpKqESMTu3tF/jhZ3xG6T4NZwWl65Bg8KuS2uEvhSfLl0w==",
			"dev": true,
			"requires": {
				"@typescript-eslint/types": "5.62.0",
				"@typescript-eslint/visitor-keys": "5.62.0"
			}
		},
		"@typescript-eslint/type-utils": {
			"version": "5.62.0",
			"resolved": "https://registry.npmjs.org/@typescript-eslint/type-utils/-/type-utils-5.62.0.tgz",
			"integrity": "sha512-xsSQreu+VnfbqQpW5vnCJdq1Z3Q0U31qiWmRhr98ONQmcp/yhiPJFPq8MXiJVLiksmOKSjIldZzkebzHuCGzew==",
			"dev": true,
			"requires": {
				"@typescript-eslint/typescript-estree": "5.62.0",
				"@typescript-eslint/utils": "5.62.0",
				"debug": "^4.3.4",
				"tsutils": "^3.21.0"
			}
		},
		"@typescript-eslint/types": {
			"version": "5.62.0",
			"resolved": "https://registry.npmjs.org/@typescript-eslint/types/-/types-5.62.0.tgz",
			"integrity": "sha512-87NVngcbVXUahrRTqIK27gD2t5Cu1yuCXxbLcFtCzZGlfyVWWh8mLHkoxzjsB6DDNnvdL+fW8MiwPEJyGJQDgQ==",
			"dev": true
		},
		"@typescript-eslint/typescript-estree": {
			"version": "5.62.0",
			"resolved": "https://registry.npmjs.org/@typescript-eslint/typescript-estree/-/typescript-estree-5.62.0.tgz",
			"integrity": "sha512-CmcQ6uY7b9y694lKdRB8FEel7JbU/40iSAPomu++SjLMntB+2Leay2LO6i8VnJk58MtE9/nQSFIH6jpyRWyYzA==",
			"dev": true,
			"requires": {
				"@typescript-eslint/types": "5.62.0",
				"@typescript-eslint/visitor-keys": "5.62.0",
				"debug": "^4.3.4",
				"globby": "^11.1.0",
				"is-glob": "^4.0.3",
				"semver": "^7.3.7",
				"tsutils": "^3.21.0"
			}
		},
		"@typescript-eslint/utils": {
			"version": "5.62.0",
			"resolved": "https://registry.npmjs.org/@typescript-eslint/utils/-/utils-5.62.0.tgz",
			"integrity": "sha512-n8oxjeb5aIbPFEtmQxQYOLI0i9n5ySBEY/ZEHHZqKQSFnxio1rv6dthascc9dLuwrL0RC5mPCxB7vnAVGAYWAQ==",
			"dev": true,
			"requires": {
				"@eslint-community/eslint-utils": "^4.2.0",
				"@types/json-schema": "^7.0.9",
				"@types/semver": "^7.3.12",
				"@typescript-eslint/scope-manager": "5.62.0",
				"@typescript-eslint/types": "5.62.0",
				"@typescript-eslint/typescript-estree": "5.62.0",
				"eslint-scope": "^5.1.1",
				"semver": "^7.3.7"
			}
		},
		"@typescript-eslint/visitor-keys": {
			"version": "5.62.0",
			"resolved": "https://registry.npmjs.org/@typescript-eslint/visitor-keys/-/visitor-keys-5.62.0.tgz",
			"integrity": "sha512-07ny+LHRzQXepkGg6w0mFY41fVUNBrL2Roj/++7V1txKugfjm/Ci/qSND03r2RhlJhJYMcTn9AhhSSqQp0Ysyw==",
			"dev": true,
			"requires": {
				"@typescript-eslint/types": "5.62.0",
				"eslint-visitor-keys": "^3.3.0"
			}
		},
		"array-union": {
			"version": "2.1.0",
			"resolved": "https://registry.npmjs.org/array-union/-/array-union-2.1.0.tgz",
			"integrity": "sha512-HGyxoOTYUyCM6stUe6EJgnd4EoewAI7zMdfqO+kGjnlZmBDz/cR5pf8r/cR4Wq60sL/p0IkcjUEEPwS3GFrIyw==",
			"dev": true
		},
		"asynckit": {
			"version": "0.4.0",
			"resolved": "https://registry.npmjs.org/asynckit/-/asynckit-0.4.0.tgz",
			"integrity": "sha512-Oei9OH4tRh0YqU3GxhX79dM/mwVgvbZJaSNaRk+bshkj0S5cfHcgYakreBjrHwatXKbz+IoIdYLxrKim2MjW0Q=="
		},
		"axios": {
			"version": "0.27.2",
			"resolved": "https://registry.npmjs.org/axios/-/axios-0.27.2.tgz",
			"integrity": "sha512-t+yRIyySRTp/wua5xEr+z1q60QmLq8ABsS5O9Me1AsE5dfKqgnCFzwiCZZ/cGNd1lq4/7akDWMxdhVlucjmnOQ==",
			"requires": {
				"follow-redirects": "^1.14.9",
				"form-data": "^4.0.0"
			}
		},
		"braces": {
			"version": "3.0.3",
			"resolved": "https://registry.npmjs.org/braces/-/braces-3.0.3.tgz",
			"integrity": "sha512-yQbXgO/OSZVD2IsiLlro+7Hf6Q18EJrKSEsdoMzKePKXct3gvD8oLcOQdIzGupr5Fj+EDe8gO/lxc1BzfMpxvA==",
			"dev": true,
			"requires": {
				"fill-range": "^7.1.1"
			}
		},
		"builtin-modules": {
			"version": "3.3.0",
			"resolved": "https://registry.npmjs.org/builtin-modules/-/builtin-modules-3.3.0.tgz",
			"integrity": "sha512-zhaCDicdLuWN5UbN5IMnFqNMhNfo919sH85y2/ea+5Yg9TsTkeZxpL+JLbp6cgYFS4sRLp3YV4S6yDuqVWHYOw==",
			"dev": true
		},
		"call-bind-apply-helpers": {
			"version": "1.0.1",
			"resolved": "https://registry.npmjs.org/call-bind-apply-helpers/-/call-bind-apply-helpers-1.0.1.tgz",
			"integrity": "sha512-BhYE+WDaywFg2TBWYNXAE+8B1ATnThNBqXHP5nQu0jWJdVvY2hvkpyB3qOmtmDePiS5/BDQ8wASEWGMWRG148g==",
			"requires": {
				"es-errors": "^1.3.0",
				"function-bind": "^1.1.2"
			}
		},
		"call-bound": {
			"version": "1.0.3",
			"resolved": "https://registry.npmjs.org/call-bound/-/call-bound-1.0.3.tgz",
			"integrity": "sha512-YTd+6wGlNlPxSuri7Y6X8tY2dmm12UMH66RpKMhiX6rsk5wXXnYgbUcOt8kiS31/AjfoTOvCsE+w8nZQLQnzHA==",
			"requires": {
				"call-bind-apply-helpers": "^1.0.1",
				"get-intrinsic": "^1.2.6"
			}
		},
		"combined-stream": {
			"version": "1.0.8",
			"resolved": "https://registry.npmjs.org/combined-stream/-/combined-stream-1.0.8.tgz",
			"integrity": "sha512-FQN4MRfuJeHf7cBbBMJFXhKSDq+2kAArBlmRBvcvFE5BB1HZKXtSFASDhdlz9zOYwxh8lDdnvmMOe/+5cdoEdg==",
			"requires": {
				"delayed-stream": "~1.0.0"
			}
		},
		"data-uri-to-buffer": {
			"version": "4.0.1",
			"resolved": "https://registry.npmjs.org/data-uri-to-buffer/-/data-uri-to-buffer-4.0.1.tgz",
			"integrity": "sha512-0R9ikRb668HB7QDxT1vkpuUBtqc53YyAwMwGeUFKRojY/NWKvdZ+9UYtRfGmhqNbRkTSVpMbmyhXipFFv2cb/A=="
		},
		"debug": {
			"version": "4.4.0",
			"resolved": "https://registry.npmjs.org/debug/-/debug-4.4.0.tgz",
			"integrity": "sha512-6WTZ/IxCY/T6BALoZHaE4ctp9xm+Z5kY/pzYaCHRFeyVhojxlrm+46y68HA6hr0TcwEssoxNiDEUJQjfPZ/RYA==",
			"dev": true,
			"requires": {
				"ms": "^2.1.3"
			}
		},
		"delayed-stream": {
			"version": "1.0.0",
			"resolved": "https://registry.npmjs.org/delayed-stream/-/delayed-stream-1.0.0.tgz",
			"integrity": "sha512-ZySD7Nf91aLB0RxL4KGrKHBXl7Eds1DAmEdcoVawXnLD7SDhpNgtuII2aAkg7a7QS41jxPSZ17p4VdGnMHk3MQ=="
		},
		"dir-glob": {
			"version": "3.0.1",
			"resolved": "https://registry.npmjs.org/dir-glob/-/dir-glob-3.0.1.tgz",
			"integrity": "sha512-WkrWp9GR4KXfKGYzOLmTuGVi1UWFfws377n9cc55/tb6DuqyF6pcQ5AbiHEshaDpY9v6oaSr2XCDidGmMwdzIA==",
			"dev": true,
			"requires": {
				"path-type": "^4.0.0"
			}
		},
		"dotenv": {
			"version": "16.4.7",
			"resolved": "https://registry.npmjs.org/dotenv/-/dotenv-16.4.7.tgz",
			"integrity": "sha512-47qPchRCykZC03FhkYAhrvwU4xDBFIj1QPqaarj6mdM/hgUzfPHcpkHJOn3mJAufFeeAxAzeGsr5X0M4k6fLZQ=="
		},
		"dunder-proto": {
			"version": "1.0.1",
			"resolved": "https://registry.npmjs.org/dunder-proto/-/dunder-proto-1.0.1.tgz",
			"integrity": "sha512-KIN/nDJBQRcXw0MLVhZE9iQHmG68qAVIBg9CqmUYjmQIhgij9U5MFvrqkUL5FbtyyzZuOeOt0zdeRe4UY7ct+A==",
			"requires": {
				"call-bind-apply-helpers": "^1.0.1",
				"es-errors": "^1.3.0",
				"gopd": "^1.2.0"
			}
		},
		"es-define-property": {
			"version": "1.0.1",
			"resolved": "https://registry.npmjs.org/es-define-property/-/es-define-property-1.0.1.tgz",
			"integrity": "sha512-e3nRfgfUZ4rNGL232gUgX06QNyyez04KdjFrF+LTRoOXmrOgFKDg4BCdsjW8EnT69eqdYGmRpJwiPVYNrCaW3g=="
		},
		"es-errors": {
			"version": "1.3.0",
			"resolved": "https://registry.npmjs.org/es-errors/-/es-errors-1.3.0.tgz",
			"integrity": "sha512-Zf5H2Kxt2xjTvbJvP2ZWLEICxA6j+hAmMzIlypy4xcBg1vKVnx89Wy0GbS+kf5cwCVFFzdCFh2XSCFNULS6csw=="
		},
		"es-object-atoms": {
			"version": "1.0.0",
			"resolved": "https://registry.npmjs.org/es-object-atoms/-/es-object-atoms-1.0.0.tgz",
			"integrity": "sha512-MZ4iQ6JwHOBQjahnjwaC1ZtIBH+2ohjamzAO3oaHcXYup7qxjF2fixyH+Q71voWHeOkI2q/TnJao/KfXYIZWbw==",
			"requires": {
				"es-errors": "^1.3.0"
			}
		},
		"esbuild": {
			"version": "0.13.12",
			"resolved": "https://registry.npmjs.org/esbuild/-/esbuild-0.13.12.tgz",
			"integrity": "sha512-vTKKUt+yoz61U/BbrnmlG9XIjwpdIxmHB8DlPR0AAW6OdS+nBQBci6LUHU2q9WbBobMEIQxxDpKbkmOGYvxsow==",
			"dev": true,
			"requires": {
				"esbuild-android-arm64": "0.13.12",
				"esbuild-darwin-64": "0.13.12",
				"esbuild-darwin-arm64": "0.13.12",
				"esbuild-freebsd-64": "0.13.12",
				"esbuild-freebsd-arm64": "0.13.12",
				"esbuild-linux-32": "0.13.12",
				"esbuild-linux-64": "0.13.12",
				"esbuild-linux-arm": "0.13.12",
				"esbuild-linux-arm64": "0.13.12",
				"esbuild-linux-mips64le": "0.13.12",
				"esbuild-linux-ppc64le": "0.13.12",
				"esbuild-netbsd-64": "0.13.12",
				"esbuild-openbsd-64": "0.13.12",
				"esbuild-sunos-64": "0.13.12",
				"esbuild-windows-32": "0.13.12",
				"esbuild-windows-64": "0.13.12",
				"esbuild-windows-arm64": "0.13.12"
			}
		},
		"esbuild-android-arm64": {
			"version": "0.13.12",
			"resolved": "https://registry.npmjs.org/esbuild-android-arm64/-/esbuild-android-arm64-0.13.12.tgz",
			"integrity": "sha512-TSVZVrb4EIXz6KaYjXfTzPyyRpXV5zgYIADXtQsIenjZ78myvDGaPi11o4ZSaHIwFHsuwkB6ne5SZRBwAQ7maw==",
			"dev": true,
			"optional": true
		},
		"esbuild-darwin-64": {
			"version": "0.13.12",
			"resolved": "https://registry.npmjs.org/esbuild-darwin-64/-/esbuild-darwin-64-0.13.12.tgz",
			"integrity": "sha512-c51C+N+UHySoV2lgfWSwwmlnLnL0JWj/LzuZt9Ltk9ub1s2Y8cr6SQV5W3mqVH1egUceew6KZ8GyI4nwu+fhsw==",
			"dev": true,
			"optional": true
		},
		"esbuild-darwin-arm64": {
			"version": "0.13.12",
			"resolved": "https://registry.npmjs.org/esbuild-darwin-arm64/-/esbuild-darwin-arm64-0.13.12.tgz",
			"integrity": "sha512-JvAMtshP45Hd8A8wOzjkY1xAnTKTYuP/QUaKp5eUQGX+76GIie3fCdUUr2ZEKdvpSImNqxiZSIMziEiGB5oUmQ==",
			"dev": true,
			"optional": true
		},
		"esbuild-freebsd-64": {
			"version": "0.13.12",
			"resolved": "https://registry.npmjs.org/esbuild-freebsd-64/-/esbuild-freebsd-64-0.13.12.tgz",
			"integrity": "sha512-r6On/Skv9f0ZjTu6PW5o7pdXr8aOgtFOEURJZYf1XAJs0IQ+gW+o1DzXjVkIoT+n1cm3N/t1KRJfX71MPg/ZUA==",
			"dev": true,
			"optional": true
		},
		"esbuild-freebsd-arm64": {
			"version": "0.13.12",
			"resolved": "https://registry.npmjs.org/esbuild-freebsd-arm64/-/esbuild-freebsd-arm64-0.13.12.tgz",
			"integrity": "sha512-F6LmI2Q1gii073kmBE3NOTt/6zLL5zvZsxNLF8PMAwdHc+iBhD1vzfI8uQZMJA1IgXa3ocr3L3DJH9fLGXy6Yw==",
			"dev": true,
			"optional": true
		},
		"esbuild-linux-32": {
			"version": "0.13.12",
			"resolved": "https://registry.npmjs.org/esbuild-linux-32/-/esbuild-linux-32-0.13.12.tgz",
			"integrity": "sha512-U1UZwG3UIwF7/V4tCVAo/nkBV9ag5KJiJTt+gaCmLVWH3bPLX7y+fNlhIWZy8raTMnXhMKfaTvWZ9TtmXzvkuQ==",
			"dev": true,
			"optional": true
		},
		"esbuild-linux-64": {
			"version": "0.13.12",
			"resolved": "https://registry.npmjs.org/esbuild-linux-64/-/esbuild-linux-64-0.13.12.tgz",
			"integrity": "sha512-YpXSwtu2NxN3N4ifJxEdsgd6Q5d8LYqskrAwjmoCT6yQnEHJSF5uWcxv783HWN7lnGpJi9KUtDvYsnMdyGw71Q==",
			"dev": true,
			"optional": true
		},
		"esbuild-linux-arm": {
			"version": "0.13.12",
			"resolved": "https://registry.npmjs.org/esbuild-linux-arm/-/esbuild-linux-arm-0.13.12.tgz",
			"integrity": "sha512-SyiT/JKxU6J+DY2qUiSLZJqCAftIt3uoGejZ0HDnUM2MGJqEGSGh7p1ecVL2gna3PxS4P+j6WAehCwgkBPXNIw==",
			"dev": true,
			"optional": true
		},
		"esbuild-linux-arm64": {
			"version": "0.13.12",
			"resolved": "https://registry.npmjs.org/esbuild-linux-arm64/-/esbuild-linux-arm64-0.13.12.tgz",
			"integrity": "sha512-sgDNb8kb3BVodtAlcFGgwk+43KFCYjnFOaOfJibXnnIojNWuJHpL6aQJ4mumzNWw8Rt1xEtDQyuGK9f+Y24jGA==",
			"dev": true,
			"optional": true
		},
		"esbuild-linux-mips64le": {
			"version": "0.13.12",
			"resolved": "https://registry.npmjs.org/esbuild-linux-mips64le/-/esbuild-linux-mips64le-0.13.12.tgz",
			"integrity": "sha512-qQJHlZBG+QwVIA8AbTEtbvF084QgDi4DaUsUnA+EolY1bxrG+UyOuGflM2ZritGhfS/k7THFjJbjH2wIeoKA2g==",
			"dev": true,
			"optional": true
		},
		"esbuild-linux-ppc64le": {
			"version": "0.13.12",
			"resolved": "https://registry.npmjs.org/esbuild-linux-ppc64le/-/esbuild-linux-ppc64le-0.13.12.tgz",
			"integrity": "sha512-2dSnm1ldL7Lppwlo04CGQUpwNn5hGqXI38OzaoPOkRsBRWFBozyGxTFSee/zHFS+Pdh3b28JJbRK3owrrRgWNw==",
			"dev": true,
			"optional": true
		},
		"esbuild-netbsd-64": {
			"version": "0.13.12",
			"resolved": "https://registry.npmjs.org/esbuild-netbsd-64/-/esbuild-netbsd-64-0.13.12.tgz",
			"integrity": "sha512-D4raxr02dcRiQNbxOLzpqBzcJNFAdsDNxjUbKkDMZBkL54Z0vZh4LRndycdZAMcIdizC/l/Yp/ZsBdAFxc5nbA==",
			"dev": true,
			"optional": true
		},
		"esbuild-openbsd-64": {
			"version": "0.13.12",
			"resolved": "https://registry.npmjs.org/esbuild-openbsd-64/-/esbuild-openbsd-64-0.13.12.tgz",
			"integrity": "sha512-KuLCmYMb2kh05QuPJ+va60bKIH5wHL8ypDkmpy47lzwmdxNsuySeCMHuTv5o2Af1RUn5KLO5ZxaZeq4GEY7DaQ==",
			"dev": true,
			"optional": true
		},
		"esbuild-sunos-64": {
			"version": "0.13.12",
			"resolved": "https://registry.npmjs.org/esbuild-sunos-64/-/esbuild-sunos-64-0.13.12.tgz",
			"integrity": "sha512-jBsF+e0woK3miKI8ufGWKG3o3rY9DpHvCVRn5eburMIIE+2c+y3IZ1srsthKyKI6kkXLvV4Cf/E7w56kLipMXw==",
			"dev": true,
			"optional": true
		},
		"esbuild-windows-32": {
			"version": "0.13.12",
			"resolved": "https://registry.npmjs.org/esbuild-windows-32/-/esbuild-windows-32-0.13.12.tgz",
			"integrity": "sha512-L9m4lLFQrFeR7F+eLZXG82SbXZfUhyfu6CexZEil6vm+lc7GDCE0Q8DiNutkpzjv1+RAbIGVva9muItQ7HVTkQ==",
			"dev": true,
			"optional": true
		},
		"esbuild-windows-64": {
			"version": "0.13.12",
			"resolved": "https://registry.npmjs.org/esbuild-windows-64/-/esbuild-windows-64-0.13.12.tgz",
			"integrity": "sha512-k4tX4uJlSbSkfs78W5d9+I9gpd+7N95W7H2bgOMFPsYREVJs31+Q2gLLHlsnlY95zBoPQMIzHooUIsixQIBjaQ==",
			"dev": true,
			"optional": true
		},
		"esbuild-windows-arm64": {
			"version": "0.13.12",
			"resolved": "https://registry.npmjs.org/esbuild-windows-arm64/-/esbuild-windows-arm64-0.13.12.tgz",
			"integrity": "sha512-2tTv/BpYRIvuwHpp2M960nG7uvL+d78LFW/ikPItO+2GfK51CswIKSetSpDii+cjz8e9iSPgs+BU4o8nWICBwQ==",
			"dev": true,
			"optional": true
		},
		"eslint-scope": {
			"version": "5.1.1",
			"resolved": "https://registry.npmjs.org/eslint-scope/-/eslint-scope-5.1.1.tgz",
			"integrity": "sha512-2NxwbF/hZ0KpepYN0cNbo+FN6XoK7GaHlQhgx/hIZl6Va0bF45RQOOwhLIy8lQDbuCiadSLCBnH2CFYquit5bw==",
			"dev": true,
			"requires": {
				"esrecurse": "^4.3.0",
				"estraverse": "^4.1.1"
			}
		},
		"eslint-visitor-keys": {
			"version": "3.4.3",
			"resolved": "https://registry.npmjs.org/eslint-visitor-keys/-/eslint-visitor-keys-3.4.3.tgz",
			"integrity": "sha512-wpc+LXeiyiisxPlEkUzU6svyS1frIO3Mgxj1fdy7Pm8Ygzguax2N3Fa/D/ag1WqbOprdI+uY6wMUl8/a2G+iag==",
			"dev": true
		},
		"esrecurse": {
			"version": "4.3.0",
			"resolved": "https://registry.npmjs.org/esrecurse/-/esrecurse-4.3.0.tgz",
			"integrity": "sha512-KmfKL3b6G+RXvP8N1vr3Tq1kL/oCFgn2NYXEtqP8/L3pKapUA4G8cFVaoF3SU323CD4XypR/ffioHmkti6/Tag==",
			"dev": true,
			"requires": {
				"estraverse": "^5.2.0"
			},
			"dependencies": {
				"estraverse": {
					"version": "5.3.0",
					"resolved": "https://registry.npmjs.org/estraverse/-/estraverse-5.3.0.tgz",
					"integrity": "sha512-MMdARuVEQziNTeJD8DgMqmhwR11BRQ/cBP+pLtYdSTnf3MIO8fFeiINEbX36ZdNlfU/7A9f3gUw49B3oQsvwBA==",
					"dev": true
				}
			}
		},
		"estraverse": {
			"version": "4.3.0",
			"resolved": "https://registry.npmjs.org/estraverse/-/estraverse-4.3.0.tgz",
			"integrity": "sha512-39nnKffWz8xN1BU/2c79n9nB9HDzo0niYUqx6xyqUnyoAnQyyWpOTdZEeiCch8BBu515t4wp9ZmgVfVhn9EBpw==",
			"dev": true
		},
		"fast-glob": {
			"version": "3.3.2",
			"resolved": "https://registry.npmjs.org/fast-glob/-/fast-glob-3.3.2.tgz",
			"integrity": "sha512-oX2ruAFQwf/Orj8m737Y5adxDQO0LAB7/S5MnxCdTNDd4p6BsyIVsv9JQsATbTSq8KHRpLwIHbVlUNatxd+1Ow==",
			"dev": true,
			"requires": {
				"@nodelib/fs.stat": "^2.0.2",
				"@nodelib/fs.walk": "^1.2.3",
				"glob-parent": "^5.1.2",
				"merge2": "^1.3.0",
				"micromatch": "^4.0.4"
			}
		},
		"fastq": {
			"version": "1.17.1",
			"resolved": "https://registry.npmjs.org/fastq/-/fastq-1.17.1.tgz",
			"integrity": "sha512-sRVD3lWVIXWg6By68ZN7vho9a1pQcN/WBFaAAsDDFzlJjvoGx0P8z7V1t72grFJfJhu3YPZBuu25f7Kaw2jN1w==",
			"dev": true,
			"requires": {
				"reusify": "^1.0.4"
			}
		},
		"fetch-blob": {
			"version": "3.2.0",
			"resolved": "https://registry.npmjs.org/fetch-blob/-/fetch-blob-3.2.0.tgz",
			"integrity": "sha512-7yAQpD2UMJzLi1Dqv7qFYnPbaPx7ZfFK6PiIxQ4PfkGPyNyl2Ugx+a/umUonmKqjhM4DnfbMvdX6otXq83soQQ==",
			"requires": {
				"node-domexception": "^1.0.0",
				"web-streams-polyfill": "^3.0.3"
			}
		},
		"fill-range": {
			"version": "7.1.1",
			"resolved": "https://registry.npmjs.org/fill-range/-/fill-range-7.1.1.tgz",
			"integrity": "sha512-YsGpe3WHLK8ZYi4tWDg2Jy3ebRz2rXowDxnld4bkQB00cc/1Zw9AWnC0i9ztDJitivtQvaI9KaLyKrc+hBW0yg==",
			"dev": true,
			"requires": {
				"to-regex-range": "^5.0.1"
			}
		},
		"follow-redirects": {
			"version": "1.15.9",
			"resolved": "https://registry.npmjs.org/follow-redirects/-/follow-redirects-1.15.9.tgz",
			"integrity": "sha512-gew4GsXizNgdoRyqmyfMHyAmXsZDk6mHkSxZFCzW9gwlbtOW44CDtYavM+y+72qD/Vq2l550kMF52DT8fOLJqQ=="
		},
		"form-data": {
			"version": "4.0.1",
			"resolved": "https://registry.npmjs.org/form-data/-/form-data-4.0.1.tgz",
			"integrity": "sha512-tzN8e4TX8+kkxGPK8D5u0FNmjPUjw3lwC9lSLxxoB/+GtsJG91CO8bSWy73APlgAZzZbXEYZJuxjkHH2w+Ezhw==",
			"requires": {
				"asynckit": "^0.4.0",
				"combined-stream": "^1.0.8",
				"mime-types": "^2.1.12"
			}
		},
		"formdata-polyfill": {
			"version": "4.0.10",
			"resolved": "https://registry.npmjs.org/formdata-polyfill/-/formdata-polyfill-4.0.10.tgz",
			"integrity": "sha512-buewHzMvYL29jdeQTVILecSaZKnt/RJWjoZCF5OW60Z67/GmSLBkOFM7qh1PI3zFNtJbaZL5eQu1vLfazOwj4g==",
			"requires": {
				"fetch-blob": "^3.1.2"
			}
		},
		"function-bind": {
			"version": "1.1.2",
			"resolved": "https://registry.npmjs.org/function-bind/-/function-bind-1.1.2.tgz",
			"integrity": "sha512-7XHNxH7qX9xG5mIwxkhumTox/MIRNcOgDrxWsMt2pAr23WHp6MrRlN7FBSFpCpr+oVO0F744iUgR82nJMfG2SA=="
		},
		"get-intrinsic": {
			"version": "1.2.6",
			"resolved": "https://registry.npmjs.org/get-intrinsic/-/get-intrinsic-1.2.6.tgz",
			"integrity": "sha512-qxsEs+9A+u85HhllWJJFicJfPDhRmjzoYdl64aMWW9yRIJmSyxdn8IEkuIM530/7T+lv0TIHd8L6Q/ra0tEoeA==",
			"requires": {
				"call-bind-apply-helpers": "^1.0.1",
				"dunder-proto": "^1.0.0",
				"es-define-property": "^1.0.1",
				"es-errors": "^1.3.0",
				"es-object-atoms": "^1.0.0",
				"function-bind": "^1.1.2",
				"gopd": "^1.2.0",
				"has-symbols": "^1.1.0",
				"hasown": "^2.0.2",
				"math-intrinsics": "^1.0.0"
			}
		},
		"glob-parent": {
			"version": "5.1.2",
			"resolved": "https://registry.npmjs.org/glob-parent/-/glob-parent-5.1.2.tgz",
			"integrity": "sha512-AOIgSQCepiJYwP3ARnGx+5VnTu2HBYdzbGP45eLw1vr3zB3vZLeyed1sC9hnbcOc9/SrMyM5RPQrkGz4aS9Zow==",
			"dev": true,
			"requires": {
				"is-glob": "^4.0.1"
			}
		},
		"globby": {
			"version": "11.1.0",
			"resolved": "https://registry.npmjs.org/globby/-/globby-11.1.0.tgz",
			"integrity": "sha512-jhIXaOzy1sb8IyocaruWSn1TjmnBVs8Ayhcy83rmxNJ8q2uWKCAj3CnJY+KpGSXCueAPc0i05kVvVKtP1t9S3g==",
			"dev": true,
			"requires": {
				"array-union": "^2.1.0",
				"dir-glob": "^3.0.1",
				"fast-glob": "^3.2.9",
				"ignore": "^5.2.0",
				"merge2": "^1.4.1",
				"slash": "^3.0.0"
			}
		},
		"gopd": {
			"version": "1.2.0",
			"resolved": "https://registry.npmjs.org/gopd/-/gopd-1.2.0.tgz",
			"integrity": "sha512-ZUKRh6/kUFoAiTAtTYPZJ3hw9wNxx+BIBOijnlG9PnrJsCcSjs1wyyD6vJpaYtgnzDrKYRSqf3OO6Rfa93xsRg=="
		},
		"graphemer": {
			"version": "1.4.0",
			"resolved": "https://registry.npmjs.org/graphemer/-/graphemer-1.4.0.tgz",
			"integrity": "sha512-EtKwoO6kxCL9WO5xipiHTZlSzBm7WLT627TqC/uVRd0HKmq8NXyebnNYxDoBi7wt8eTWrUrKXCOVaFq9x1kgag==",
			"dev": true
		},
		"has-symbols": {
			"version": "1.1.0",
			"resolved": "https://registry.npmjs.org/has-symbols/-/has-symbols-1.1.0.tgz",
			"integrity": "sha512-1cDNdwJ2Jaohmb3sg4OmKaMBwuC48sYni5HUw2DvsC8LjGTLK9h+eb1X6RyuOHe4hT0ULCW68iomhjUoKUqlPQ=="
		},
		"hasown": {
			"version": "2.0.2",
			"resolved": "https://registry.npmjs.org/hasown/-/hasown-2.0.2.tgz",
			"integrity": "sha512-0hJU9SCPvmMzIBdZFqNPXWa6dqh7WdH0cII9y+CyS8rG3nL48Bclra9HmKhVVUHyPWNH5Y7xDwAB7bfgSjkUMQ==",
			"requires": {
				"function-bind": "^1.1.2"
			}
		},
		"ignore": {
			"version": "5.3.2",
			"resolved": "https://registry.npmjs.org/ignore/-/ignore-5.3.2.tgz",
			"integrity": "sha512-hsBTNUqQTDwkWtcdYI2i06Y/nUBEsNEDJKjWdigLvegy8kDuJAS8uRlpkkcQpyEXL0Z/pjDy5HBmMjRCJ2gq+g==",
			"dev": true
		},
		"instagram-url-direct": {
			"version": "1.1.1",
			"resolved": "https://registry.npmjs.org/instagram-url-direct/-/instagram-url-direct-1.1.1.tgz",
			"integrity": "sha512-OrhVCyzKsomnMFEBTqdB1ZKOT97PzpguNgBiam9TX0GqhB62/NYGhsn8szyGd3Gd2dRKO/PvUthJ0OvyPsEgWw==",
			"requires": {
				"axios": "^1.7.7",
				"qs": "^6.13.0"
			},
			"dependencies": {
				"axios": {
					"version": "1.7.9",
					"resolved": "https://registry.npmjs.org/axios/-/axios-1.7.9.tgz",
					"integrity": "sha512-LhLcE7Hbiryz8oMDdDptSrWowmB4Bl6RCt6sIJKpRB4XtVf0iEgewX3au/pJqm+Py1kCASkb/FFKjxQaLtxJvw==",
					"requires": {
						"follow-redirects": "^1.15.6",
						"form-data": "^4.0.0",
						"proxy-from-env": "^1.1.0"
					}
				}
			}
		},
		"is-extglob": {
			"version": "2.1.1",
			"resolved": "https://registry.npmjs.org/is-extglob/-/is-extglob-2.1.1.tgz",
			"integrity": "sha512-SbKbANkN603Vi4jEZv49LeVJMn4yGwsbzZworEoyEiutsN3nJYdbO36zfhGJ6QEDpOZIFkDtnq5JRxmvl3jsoQ==",
			"dev": true
		},
		"is-glob": {
			"version": "4.0.3",
			"resolved": "https://registry.npmjs.org/is-glob/-/is-glob-4.0.3.tgz",
			"integrity": "sha512-xelSayHH36ZgE7ZWhli7pW34hNbNl8Ojv5KVmkJD4hBdD3th8Tfk9vYasLM+mXWOZhFkgZfxhLSnrwRr4elSSg==",
			"dev": true,
			"requires": {
				"is-extglob": "^2.1.1"
			}
		},
		"is-number": {
			"version": "7.0.0",
			"resolved": "https://registry.npmjs.org/is-number/-/is-number-7.0.0.tgz",
			"integrity": "sha512-41Cifkg6e8TylSpdtTpeLVMqvSBEVzTttHvERD741+pnZ8ANv0004MRL43QKPDlK9cGvNp6NZWZUBlbGXYxxng==",
			"dev": true
		},
		"math-intrinsics": {
			"version": "1.1.0",
			"resolved": "https://registry.npmjs.org/math-intrinsics/-/math-intrinsics-1.1.0.tgz",
			"integrity": "sha512-/IXtbwEk5HTPyEwyKX6hGkYXxM9nbj64B+ilVJnC/R6B0pH5G4V3b0pVbL7DBj4tkhBAppbQUlf6F6Xl9LHu1g=="
		},
		"merge2": {
			"version": "1.4.1",
			"resolved": "https://registry.npmjs.org/merge2/-/merge2-1.4.1.tgz",
			"integrity": "sha512-8q7VEgMJW4J8tcfVPy8g09NcQwZdbwFEqhe/WZkoIzjn/3TGDwtOCYtXGxA3O8tPzpczCCDgv+P2P5y00ZJOOg==",
			"dev": true
		},
		"micromatch": {
			"version": "4.0.8",
			"resolved": "https://registry.npmjs.org/micromatch/-/micromatch-4.0.8.tgz",
			"integrity": "sha512-PXwfBhYu0hBCPw8Dn0E+WDYb7af3dSLVWKi3HGv84IdF4TyFoC0ysxFd0Goxw7nSv4T/PzEJQxsYsEiFCKo2BA==",
			"dev": true,
			"requires": {
				"braces": "^3.0.3",
				"picomatch": "^2.3.1"
			}
		},
		"mime-db": {
			"version": "1.52.0",
			"resolved": "https://registry.npmjs.org/mime-db/-/mime-db-1.52.0.tgz",
			"integrity": "sha512-sPU4uV7dYlvtWJxwwxHD0PuihVNiE7TyAbQ5SWxDCB9mUYvOgroQOwYQQOKPJ8CIbE+1ETVlOoK1UC2nU3gYvg=="
		},
		"mime-types": {
			"version": "2.1.35",
			"resolved": "https://registry.npmjs.org/mime-types/-/mime-types-2.1.35.tgz",
			"integrity": "sha512-ZDY+bPm5zTTF+YpCrAU9nK0UgICYPT0QtT1NZWFv4s++TNkcgVaT0g6+4R2uI4MjQjzysHB1zxuWL50hzaeXiw==",
			"requires": {
				"mime-db": "1.52.0"
			}
		},
		"moment": {
			"version": "2.29.4",
			"resolved": "https://registry.npmjs.org/moment/-/moment-2.29.4.tgz",
			"integrity": "sha512-5LC9SOxjSc2HF6vO2CyuTDNivEdoz2IvyJJGj6X8DJ0eFyfszE0QiEd+iXmBvUP3WHxSjFH/vIsA0EN00cgr8w==",
			"dev": true
		},
		"ms": {
			"version": "2.1.3",
			"resolved": "https://registry.npmjs.org/ms/-/ms-2.1.3.tgz",
			"integrity": "sha512-6FlzubTLZG3J2a/NVCAleEhjzq5oxgHyaCU9yYXvcLsvoVaHJq/s5xXI6/XXP6tz7R9xAOtHnSO/tXtF3WRTlA==",
			"dev": true
		},
		"natural-compare-lite": {
			"version": "1.4.0",
			"resolved": "https://registry.npmjs.org/natural-compare-lite/-/natural-compare-lite-1.4.0.tgz",
			"integrity": "sha512-Tj+HTDSJJKaZnfiuw+iaF9skdPpTo2GtEly5JHnWV/hfv2Qj/9RKsGISQtLh2ox3l5EAGw487hnBee0sIJ6v2g==",
			"dev": true
		},
		"node-domexception": {
			"version": "1.0.0",
			"resolved": "https://registry.npmjs.org/node-domexception/-/node-domexception-1.0.0.tgz",
			"integrity": "sha512-/jKZoMpw0F8GRwl4/eLROPA3cfcXtLApP0QzLmUT/HuPCZWyB7IY9ZrMeKw2O/nFIqPQB3PVM9aYm0F312AXDQ=="
		},
		"node-fetch": {
			"version": "3.3.2",
			"resolved": "https://registry.npmjs.org/node-fetch/-/node-fetch-3.3.2.tgz",
			"integrity": "sha512-dRB78srN/l6gqWulah9SrxeYnxeddIG30+GOqK/9OlLVyLg3HPnr6SqOWTWOXKRwC2eGYCkZ59NNuSgvSrpgOA==",
			"requires": {
				"data-uri-to-buffer": "^4.0.0",
				"fetch-blob": "^3.1.4",
				"formdata-polyfill": "^4.0.10"
			}
		},
		"object-inspect": {
			"version": "1.13.3",
			"resolved": "https://registry.npmjs.org/object-inspect/-/object-inspect-1.13.3.tgz",
			"integrity": "sha512-kDCGIbxkDSXE3euJZZXzc6to7fCrKHNI/hSRQnRuQ+BWjFNzZwiFF8fj/6o2t2G9/jTj8PSIYTfCLelLZEeRpA=="
		},
		"obsidian": {
			"version": "1.7.2",
			"resolved": "https://registry.npmjs.org/obsidian/-/obsidian-1.7.2.tgz",
			"integrity": "sha512-k9hN9brdknJC+afKr5FQzDRuEFGDKbDjfCazJwpgibwCAoZNYHYV8p/s3mM8I6AsnKrPKNXf8xGuMZ4enWelZQ==",
			"dev": true,
			"requires": {
				"@types/codemirror": "5.60.8",
				"moment": "2.29.4"
			}
		},
		"path-type": {
			"version": "4.0.0",
			"resolved": "https://registry.npmjs.org/path-type/-/path-type-4.0.0.tgz",
			"integrity": "sha512-gDKb8aZMDeD/tZWs9P6+q0J9Mwkdl6xMV8TjnGP3qJVJ06bdMgkbBlLU8IdfOsIsFz2BW1rNVT3XuNEl8zPAvw==",
			"dev": true
		},
		"picomatch": {
			"version": "2.3.1",
			"resolved": "https://registry.npmjs.org/picomatch/-/picomatch-2.3.1.tgz",
			"integrity": "sha512-JU3teHTNjmE2VCGFzuY8EXzCDVwEqB2a8fsIvwaStHhAWJEeVd1o1QD80CU6+ZdEXXSLbSsuLwJjkCBWqRQUVA==",
			"dev": true
		},
		"proxy-from-env": {
			"version": "1.1.0",
			"resolved": "https://registry.npmjs.org/proxy-from-env/-/proxy-from-env-1.1.0.tgz",
			"integrity": "sha512-D+zkORCbA9f1tdWRK0RaCR3GPv50cMxcrz4X8k5LTSUD1Dkw47mKJEZQNunItRTkWwgtaUSo1RVFRIG9ZXiFYg=="
		},
		"qs": {
			"version": "6.13.1",
			"resolved": "https://registry.npmjs.org/qs/-/qs-6.13.1.tgz",
			"integrity": "sha512-EJPeIn0CYrGu+hli1xilKAPXODtJ12T0sP63Ijx2/khC2JtuaN3JyNIpvmnkmaEtha9ocbG4A4cMcr+TvqvwQg==",
			"requires": {
				"side-channel": "^1.0.6"
			}
		},
		"queue-microtask": {
			"version": "1.2.3",
			"resolved": "https://registry.npmjs.org/queue-microtask/-/queue-microtask-1.2.3.tgz",
			"integrity": "sha512-NuaNSa6flKT5JaSYQzJok04JzTL1CA6aGhv5rfLW3PgqA+M2ChpZQnAC8h8i4ZFkBS8X5RqkDBHA7r4hej3K9A==",
			"dev": true
		},
		"reusify": {
			"version": "1.0.4",
			"resolved": "https://registry.npmjs.org/reusify/-/reusify-1.0.4.tgz",
			"integrity": "sha512-U9nH88a3fc/ekCF1l0/UP1IosiuIjyTh7hBvXVMHYgVcfGvt897Xguj2UOLDeI5BG2m7/uwyaLVT6fbtCwTyzw==",
			"dev": true
		},
		"run-parallel": {
			"version": "1.2.0",
			"resolved": "https://registry.npmjs.org/run-parallel/-/run-parallel-1.2.0.tgz",
			"integrity": "sha512-5l4VyZR86LZ/lDxZTR6jqL8AFE2S0IFLMP26AbjsLVADxHdhB/c0GUsH+y39UfCi3dzz8OlQuPmnaJOMoDHQBA==",
			"dev": true,
			"requires": {
				"queue-microtask": "^1.2.2"
			}
		},
		"semver": {
			"version": "7.6.3",
			"resolved": "https://registry.npmjs.org/semver/-/semver-7.6.3.tgz",
			"integrity": "sha512-oVekP1cKtI+CTDvHWYFUcMtsK/00wmAEfyqKfNdARm8u1wNVhSgaX7A8d4UuIlUI5e84iEwOhs7ZPYRmzU9U6A==",
			"dev": true
		},
		"side-channel": {
			"version": "1.1.0",
			"resolved": "https://registry.npmjs.org/side-channel/-/side-channel-1.1.0.tgz",
			"integrity": "sha512-ZX99e6tRweoUXqR+VBrslhda51Nh5MTQwou5tnUDgbtyM0dBgmhEDtWGP/xbKn6hqfPRHujUNwz5fy/wbbhnpw==",
			"requires": {
				"es-errors": "^1.3.0",
				"object-inspect": "^1.13.3",
				"side-channel-list": "^1.0.0",
				"side-channel-map": "^1.0.1",
				"side-channel-weakmap": "^1.0.2"
			}
		},
		"side-channel-list": {
			"version": "1.0.0",
			"resolved": "https://registry.npmjs.org/side-channel-list/-/side-channel-list-1.0.0.tgz",
			"integrity": "sha512-FCLHtRD/gnpCiCHEiJLOwdmFP+wzCmDEkc9y7NsYxeF4u7Btsn1ZuwgwJGxImImHicJArLP4R0yX4c2KCrMrTA==",
			"requires": {
				"es-errors": "^1.3.0",
				"object-inspect": "^1.13.3"
			}
		},
		"side-channel-map": {
			"version": "1.0.1",
			"resolved": "https://registry.npmjs.org/side-channel-map/-/side-channel-map-1.0.1.tgz",
			"integrity": "sha512-VCjCNfgMsby3tTdo02nbjtM/ewra6jPHmpThenkTYh8pG9ucZ/1P8So4u4FGBek/BjpOVsDCMoLA/iuBKIFXRA==",
			"requires": {
				"call-bound": "^1.0.2",
				"es-errors": "^1.3.0",
				"get-intrinsic": "^1.2.5",
				"object-inspect": "^1.13.3"
			}
		},
		"side-channel-weakmap": {
			"version": "1.0.2",
			"resolved": "https://registry.npmjs.org/side-channel-weakmap/-/side-channel-weakmap-1.0.2.tgz",
			"integrity": "sha512-WPS/HvHQTYnHisLo9McqBHOJk2FkHO/tlpvldyrnem4aeQp4hai3gythswg6p01oSoTl58rcpiFAjF2br2Ak2A==",
			"requires": {
				"call-bound": "^1.0.2",
				"es-errors": "^1.3.0",
				"get-intrinsic": "^1.2.5",
				"object-inspect": "^1.13.3",
				"side-channel-map": "^1.0.1"
			}
		},
		"slash": {
			"version": "3.0.0",
			"resolved": "https://registry.npmjs.org/slash/-/slash-3.0.0.tgz",
			"integrity": "sha512-g9Q1haeby36OSStwb4ntCGGGaKsaVSjQ68fBxoQcutl5fS1vuY18H3wSt3jFyFtrkx+Kz0V1G85A4MyAdDMi2Q==",
			"dev": true
		},
		"to-regex-range": {
			"version": "5.0.1",
			"resolved": "https://registry.npmjs.org/to-regex-range/-/to-regex-range-5.0.1.tgz",
			"integrity": "sha512-65P7iz6X5yEr1cwcgvQxbbIw7Uk3gOy5dIdtZ4rDveLqhrdJP+Li/Hx6tyK0NEb+2GCyneCMJiGqrADCSNk8sQ==",
			"dev": true,
			"requires": {
				"is-number": "^7.0.0"
			}
		},
		"tslib": {
			"version": "2.3.1",
			"resolved": "https://registry.npmjs.org/tslib/-/tslib-2.3.1.tgz",
			"integrity": "sha512-77EbyPPpMz+FRFRuAFlWMtmgUWGe9UOG2Z25NqCwiIjRhOf5iKGuzSe5P2w1laq+FkRy4p+PCuVkJSGkzTEKVw==",
			"dev": true
		},
		"tsutils": {
			"version": "3.21.0",
			"resolved": "https://registry.npmjs.org/tsutils/-/tsutils-3.21.0.tgz",
			"integrity": "sha512-mHKK3iUXL+3UF6xL5k0PEhKRUBKPBCv/+RkEOpjRWxxx27KKRBmmA60A9pgOUvMi8GKhRMPEmjBRPzs2W7O1OA==",
			"dev": true,
			"requires": {
				"tslib": "^1.8.1"
			},
			"dependencies": {
				"tslib": {
					"version": "1.14.1",
					"resolved": "https://registry.npmjs.org/tslib/-/tslib-1.14.1.tgz",
					"integrity": "sha512-Xni35NKzjgMrwevysHTCArtLDpPvye8zV/0E4EyYn43P7/7qvQwPh9BGkHewbMulVntbigmcT7rdX3BNo9wRJg==",
					"dev": true
				}
			}
		},
		"typescript": {
			"version": "4.4.4",
			"resolved": "https://registry.npmjs.org/typescript/-/typescript-4.4.4.tgz",
			"integrity": "sha512-DqGhF5IKoBl8WNf8C1gu8q0xZSInh9j1kJJMqT3a94w1JzVaBU4EXOSMrz9yDqMT0xt3selp83fuFMQ0uzv6qA==",
			"dev": true
		},
		"web-streams-polyfill": {
			"version": "3.3.3",
			"resolved": "https://registry.npmjs.org/web-streams-polyfill/-/web-streams-polyfill-3.3.3.tgz",
			"integrity": "sha512-d2JWLCivmZYTSIoge9MsgFCZrt571BikcWGYkjC1khllbTeDlGqZ2D8vD8E/lJa8WGWbb7Plm8/XJYV7IJHZZw=="
		}
	}
}
